
Microsoft Visual Studio Solution File, Format Version 12.00
# Visual Studio Version 16
VisualStudioVersion = 16.0.31025.194
MinimumVisualStudioVersion = 10.0.40219.1
Project("{FAE04EC0-301F-11D3-BF4B-00C04F79EFBC}") = "MusicShop", "MusicShop\MusicShop.csproj", "{1D45A868-D5D0-485A-9169-C9943D5EA4C3}"
EndProject
Global
	GlobalSection(SolutionConfigurationPlatforms) = preSolution
		Debug|Any CPU = Debug|Any CPU
		Release|Any CPU = Release|Any CPU
	EndGlobalSection
	GlobalSection(ProjectConfigurationPlatforms) = postSolution
		{1D45A868-D5D0-485A-9169-C9943D5EA4C3}.Debug|Any CPU.ActiveCfg = Debug|Any CPU
		{1D45A868-D5D0-485A-9169-C9943D5EA4C3}.Debug|Any CPU.Build.0 = Debug|Any CPU
		{1D45A868-D5D0-485A-9169-C9943D5EA4C3}.Release|Any CPU.ActiveCfg = Release|Any CPU
		{1D45A868-D5D0-485A-9169-C9943D5EA4C3}.Release|Any CPU.Build.0 = Release|Any CPU
	EndGlobalSection
	GlobalSection(SolutionProperties) = preSolution
		HideSolutionNode = FALSE
	EndGlobalSection
	GlobalSection(ExtensibilityGlobals) = postSolution
		SolutionGuid = {7FCEEF40-0832-4688-8B36-A76545F6E0D3}
	EndGlobalSection
EndGlobal
